
Microsoft Visual Studio Solution File, Format Version 12.00
# Visual Studio 15
VisualStudioVersion = 15.0.28307.168
MinimumVisualStudioVersion = 10.0.40219.1
Project("{FAE04EC0-301F-11D3-BF4B-00C04F79EFBC}") = "GitWebAPITest0", "GitWebAPITest0\GitWebAPITest0.csproj", "{171F2BC7-61FD-4340-83C6-BAD3598EFC7D}"
EndProject
Global
	GlobalSection(SolutionConfigurationPlatforms) = preSolution
		Debug|Any CPU = Debug|Any CPU
		Release|Any CPU = Release|Any CPU
	EndGlobalSection
	GlobalSection(ProjectConfigurationPlatforms) = postSolution
		{171F2BC7-61FD-4340-83C6-BAD3598EFC7D}.Debug|Any CPU.ActiveCfg = Debug|Any CPU
		{171F2BC7-61FD-4340-83C6-BAD3598EFC7D}.Debug|Any CPU.Build.0 = Debug|Any CPU
		{171F2BC7-61FD-4340-83C6-BAD3598EFC7D}.Release|Any CPU.ActiveCfg = Release|Any CPU
		{171F2BC7-61FD-4340-83C6-BAD3598EFC7D}.Release|Any CPU.Build.0 = Release|Any CPU
	EndGlobalSection
	GlobalSection(SolutionProperties) = preSolution
		HideSolutionNode = FALSE
	EndGlobalSection
	GlobalSection(ExtensibilityGlobals) = postSolution
		SolutionGuid = {02D3BB89-FCCA-441E-9D72-0D3EEC23EA51}
	EndGlobalSection
EndGlobal
